
Microsoft Visual Studio Solution File, Format Version 12.00
# Visual Studio Version 16
VisualStudioVersion = 16.0.29418.71
MinimumVisualStudioVersion = 10.0.40219.1
Project("{9A19103F-16F7-4668-BE54-9A1E7A4F7556}") = "ToyotaManagerHelper", "ToyotaManagerHelper\ToyotaManagerHelper.csproj", "{473A3877-82BF-458A-96CC-BAC7CE4C5854}"
EndProject
Project("{FAE04EC0-301F-11D3-BF4B-00C04F79EFBC}") = "ToyotaManagerHelper.Tests", "ToyotaManagerHelper.Tests\ToyotaManagerHelper.Tests.csproj", "{56F5FF2C-FB6C-48CD-A8C7-699F8C8967C6}"
EndProject
Global
	GlobalSection(SolutionConfigurationPlatforms) = preSolution
		Debug|Any CPU = Debug|Any CPU
		Release|Any CPU = Release|Any CPU
	EndGlobalSection
	GlobalSection(ProjectConfigurationPlatforms) = postSolution
		{473A3877-82BF-458A-96CC-BAC7CE4C5854}.Debug|Any CPU.ActiveCfg = Debug|Any CPU
		{473A3877-82BF-458A-96CC-BAC7CE4C5854}.Debug|Any CPU.Build.0 = Debug|Any CPU
		{473A3877-82BF-458A-96CC-BAC7CE4C5854}.Release|Any CPU.ActiveCfg = Release|Any CPU
		{473A3877-82BF-458A-96CC-BAC7CE4C5854}.Release|Any CPU.Build.0 = Release|Any CPU
		{56F5FF2C-FB6C-48CD-A8C7-699F8C8967C6}.Debug|Any CPU.ActiveCfg = Debug|Any CPU
		{56F5FF2C-FB6C-48CD-A8C7-699F8C8967C6}.Debug|Any CPU.Build.0 = Debug|Any CPU
		{56F5FF2C-FB6C-48CD-A8C7-699F8C8967C6}.Release|Any CPU.ActiveCfg = Release|Any CPU
		{56F5FF2C-FB6C-48CD-A8C7-699F8C8967C6}.Release|Any CPU.Build.0 = Release|Any CPU
	EndGlobalSection
	GlobalSection(SolutionProperties) = preSolution
		HideSolutionNode = FALSE
	EndGlobalSection
	GlobalSection(ExtensibilityGlobals) = postSolution
		SolutionGuid = {38FE0F88-673C-4E31-89FE-D483B50F9EE5}
	EndGlobalSection
EndGlobal
