
Microsoft Visual Studio Solution File, Format Version 12.00
# Visual Studio Version 16
VisualStudioVersion = 16.0.29411.108
MinimumVisualStudioVersion = 10.0.40219.1
Project("{9A19103F-16F7-4668-BE54-9A1E7A4F7556}") = "ManagerHelper", "ManagerHelper\ManagerHelper.csproj", "{5B70EEDE-8C5F-454F-B9BE-14BE3AEC0E32}"
EndProject
Project("{FAE04EC0-301F-11D3-BF4B-00C04F79EFBC}") = "ManagerHelper.Tests", "ManagerHelper.Tests\ManagerHelper.Tests.csproj", "{3C5A7E03-E6B9-4645-889C-7BA15F3DF65B}"
EndProject
Global
	GlobalSection(SolutionConfigurationPlatforms) = preSolution
		Debug|Any CPU = Debug|Any CPU
		Release|Any CPU = Release|Any CPU
	EndGlobalSection
	GlobalSection(ProjectConfigurationPlatforms) = postSolution
		{5B70EEDE-8C5F-454F-B9BE-14BE3AEC0E32}.Debug|Any CPU.ActiveCfg = Debug|Any CPU
		{5B70EEDE-8C5F-454F-B9BE-14BE3AEC0E32}.Debug|Any CPU.Build.0 = Debug|Any CPU
		{5B70EEDE-8C5F-454F-B9BE-14BE3AEC0E32}.Release|Any CPU.ActiveCfg = Release|Any CPU
		{5B70EEDE-8C5F-454F-B9BE-14BE3AEC0E32}.Release|Any CPU.Build.0 = Release|Any CPU
		{3C5A7E03-E6B9-4645-889C-7BA15F3DF65B}.Debug|Any CPU.ActiveCfg = Debug|Any CPU
		{3C5A7E03-E6B9-4645-889C-7BA15F3DF65B}.Debug|Any CPU.Build.0 = Debug|Any CPU
		{3C5A7E03-E6B9-4645-889C-7BA15F3DF65B}.Release|Any CPU.ActiveCfg = Release|Any CPU
		{3C5A7E03-E6B9-4645-889C-7BA15F3DF65B}.Release|Any CPU.Build.0 = Release|Any CPU
	EndGlobalSection
	GlobalSection(SolutionProperties) = preSolution
		HideSolutionNode = FALSE
	EndGlobalSection
	GlobalSection(ExtensibilityGlobals) = postSolution
		SolutionGuid = {5C175754-5898-4157-9E04-5CFBD150B0CE}
	EndGlobalSection
EndGlobal
