
Microsoft Visual Studio Solution File, Format Version 12.00
# Visual Studio Version 16
VisualStudioVersion = 16.0.29418.71
MinimumVisualStudioVersion = 10.0.40219.1
Project("{9A19103F-16F7-4668-BE54-9A1E7A4F7556}") = "TestsGmailViaSelenium", "TestsGmailViaSelenium\TestsGmailViaSelenium.csproj", "{2CE2B2F0-D528-4D5C-8BD2-4EB8F7446104}"
EndProject
Global
	GlobalSection(SolutionConfigurationPlatforms) = preSolution
		Debug|Any CPU = Debug|Any CPU
		Release|Any CPU = Release|Any CPU
	EndGlobalSection
	GlobalSection(ProjectConfigurationPlatforms) = postSolution
		{2CE2B2F0-D528-4D5C-8BD2-4EB8F7446104}.Debug|Any CPU.ActiveCfg = Debug|Any CPU
		{2CE2B2F0-D528-4D5C-8BD2-4EB8F7446104}.Debug|Any CPU.Build.0 = Debug|Any CPU
		{2CE2B2F0-D528-4D5C-8BD2-4EB8F7446104}.Release|Any CPU.ActiveCfg = Release|Any CPU
		{2CE2B2F0-D528-4D5C-8BD2-4EB8F7446104}.Release|Any CPU.Build.0 = Release|Any CPU
	EndGlobalSection
	GlobalSection(SolutionProperties) = preSolution
		HideSolutionNode = FALSE
	EndGlobalSection
	GlobalSection(ExtensibilityGlobals) = postSolution
		SolutionGuid = {A018CD16-2BAD-4D9E-8B15-F400CB214F9B}
	EndGlobalSection
EndGlobal
